
Microsoft Visual Studio Solution File, Format Version 12.00
# Visual Studio 15
VisualStudioVersion = 15.0.28010.2046
MinimumVisualStudioVersion = 10.0.40219.1
Project("{FAE04EC0-301F-11D3-BF4B-00C04F79EFBC}") = "UniScheduling", "UniScheduling.csproj", "{9E725C98-C584-4808-A114-2F3465C759AB}"
EndProject
Global
	GlobalSection(SolutionConfigurationPlatforms) = preSolution
		Debug|Any CPU = Debug|Any CPU
		Release|Any CPU = Release|Any CPU
	EndGlobalSection
	GlobalSection(ProjectConfigurationPlatforms) = postSolution
		{9E725C98-C584-4808-A114-2F3465C759AB}.Debug|Any CPU.ActiveCfg = Debug|Any CPU
		{9E725C98-C584-4808-A114-2F3465C759AB}.Debug|Any CPU.Build.0 = Debug|Any CPU
		{9E725C98-C584-4808-A114-2F3465C759AB}.Release|Any CPU.ActiveCfg = Release|Any CPU
		{9E725C98-C584-4808-A114-2F3465C759AB}.Release|Any CPU.Build.0 = Release|Any CPU
	EndGlobalSection
	GlobalSection(SolutionProperties) = preSolution
		HideSolutionNode = FALSE
	EndGlobalSection
	GlobalSection(ExtensibilityGlobals) = postSolution
		SolutionGuid = {B7491DD1-6074-4F8C-8FB6-B69B9D87397F}
	EndGlobalSection
EndGlobal
